
Microsoft Visual Studio Solution File, Format Version 12.00
# Visual Studio Version 17
VisualStudioVersion = 17.13.35818.85 d17.13
MinimumVisualStudioVersion = 10.0.40219.1
Project("{FAE04EC0-301F-11D3-BF4B-00C04F79EFBC}") = "OldPhonePadIronSoftware", "OldPhonePadIronSoftware\OldPhonePadIronSoftware.csproj", "{539C8DBB-2EF4-434B-B798-CE3F198E6B9A}"
EndProject
Project("{FAE04EC0-301F-11D3-BF4B-00C04F79EFBC}") = "OldPhonePadTestsIronSoftware", "OldPhonePadTestsIronSoftware\OldPhonePadTestsIronSoftware.csproj", "{E6078695-9259-4CC7-BD6C-C27C89F98752}"
EndProject
Global
	GlobalSection(SolutionConfigurationPlatforms) = preSolution
		Debug|Any CPU = Debug|Any CPU
		Release|Any CPU = Release|Any CPU
	EndGlobalSection
	GlobalSection(ProjectConfigurationPlatforms) = postSolution
		{539C8DBB-2EF4-434B-B798-CE3F198E6B9A}.Debug|Any CPU.ActiveCfg = Debug|Any CPU
		{539C8DBB-2EF4-434B-B798-CE3F198E6B9A}.Debug|Any CPU.Build.0 = Debug|Any CPU
		{539C8DBB-2EF4-434B-B798-CE3F198E6B9A}.Release|Any CPU.ActiveCfg = Release|Any CPU
		{539C8DBB-2EF4-434B-B798-CE3F198E6B9A}.Release|Any CPU.Build.0 = Release|Any CPU
		{E6078695-9259-4CC7-BD6C-C27C89F98752}.Debug|Any CPU.ActiveCfg = Debug|Any CPU
		{E6078695-9259-4CC7-BD6C-C27C89F98752}.Debug|Any CPU.Build.0 = Debug|Any CPU
		{E6078695-9259-4CC7-BD6C-C27C89F98752}.Release|Any CPU.ActiveCfg = Release|Any CPU
		{E6078695-9259-4CC7-BD6C-C27C89F98752}.Release|Any CPU.Build.0 = Release|Any CPU
	EndGlobalSection
	GlobalSection(SolutionProperties) = preSolution
		HideSolutionNode = FALSE
	EndGlobalSection
	GlobalSection(ExtensibilityGlobals) = postSolution
		SolutionGuid = {D4C56333-AD0A-4BE3-B6F9-CA629E37A30C}
	EndGlobalSection
EndGlobal
